// !$*UTF8*$!
{
	archiveVersion = 1;
	classes = {
	};
	objectVersion = 90;
	objects = {

/* Begin PBXBuildFile section */
		1BBD1C7926C1CBA200BB544E /* Messages.framework in Frameworks */ = {isa = PBXBuildFile; fileRef = 1BBD1C5326C1865900BB544E /* Messages.framework */; };
		1BBD1C8526C1CBA300BB544E /* Messages Extension.appex in Embed Foundation Extensions */ = {isa = PBXBuildFile; fileRef = 1BBD1C7826C1CBA200BB544E /* Messages Extension.appex */; platformFilter = ios; settings = {ATTRIBUTES = (RemoveHeadersOnCopy, ); }; };
/* End PBXBuildFile section */

/* Begin PBXContainerItemProxy section */
		1BBD1C8326C1CBA300BB544E /* PBXContainerItemProxy */ = {
			isa = PBXContainerItemProxy;
			containerPortal = 1B88D63C260BA4320098366A /* Project object */;
			proxyType = 1;
			remoteGlobalIDString = 1BBD1C7726C1CBA200BB544E;
			remoteInfo = Messages;
		};
/* End PBXContainerItemProxy section */

/* Begin PBXCopyFilesBuildPhase section */
		1BBD1C8926C1CBA300BB544E /* Embed Foundation Extensions */ = {
			isa = PBXCopyFilesBuildPhase;
			dstPath = "";
			dstSubfolder = PlugIns;
			files = (
				1BBD1C8526C1CBA300BB544E /* Messages Extension.appex in Embed Foundation Extensions */,
			);
			name = "Embed Foundation Extensions";
		};
/* End PBXCopyFilesBuildPhase section */

/* Begin PBXFileReference section */
		1B88D644260BA4320098366A /* Sprite Catalog.app */ = {isa = PBXFileReference; explicitFileType = wrapper.application; includeInIndex = 0; path = "Sprite Catalog.app"; sourceTree = BUILT_PRODUCTS_DIR; };
		1BBD1C5326C1865900BB544E /* Messages.framework */ = {isa = PBXFileReference; lastKnownFileType = wrapper.framework; name = Messages.framework; path = System/Library/Frameworks/Messages.framework; sourceTree = SDKROOT; };
		1BBD1C7826C1CBA200BB544E /* Messages Extension.appex */ = {isa = PBXFileReference; explicitFileType = "wrapper.app-extension"; includeInIndex = 0; path = "Messages Extension.appex"; sourceTree = BUILT_PRODUCTS_DIR; };
/* End PBXFileReference section */

/* Begin PBXFileSystemSynchronizedBuildFileExceptionSet section */
		1B7DF63A2E2409DA0071B353 /* Exceptions for "Sprite Catalog" folder in "Sprite Catalog" target */ = {
			isa = PBXFileSystemSynchronizedBuildFileExceptionSet;
			membershipExceptions = (
				Info.plist,
			);
			target = 1B88D643260BA4320098366A /* Sprite Catalog */;
		};
		1B7DF64B2E240A5D0071B353 /* Exceptions for "Messages" folder in "Messages Extension" target */ = {
			isa = PBXFileSystemSynchronizedBuildFileExceptionSet;
			membershipExceptions = (
				Info.plist,
			);
			target = 1BBD1C7726C1CBA200BB544E /* Messages Extension */;
		};
/* End PBXFileSystemSynchronizedBuildFileExceptionSet section */

/* Begin PBXFileSystemSynchronizedRootGroup section */
		1B7DF5C22E2409DA0071B353 /* Sprite Catalog */ = {
			isa = PBXFileSystemSynchronizedRootGroup;
			exceptions = (
				1B7DF63A2E2409DA0071B353 /* Exceptions for "Sprite Catalog" folder in "Sprite Catalog" target */,
			);
			path = "Sprite Catalog";
			sourceTree = "<group>";
		};
		1B7DF63C2E2409E60071B353 /* Shared */ = {
			isa = PBXFileSystemSynchronizedRootGroup;
			path = Shared;
			sourceTree = "<group>";
		};
		1B7DF6452E240A5D0071B353 /* Messages */ = {
			isa = PBXFileSystemSynchronizedRootGroup;
			exceptions = (
				1B7DF64B2E240A5D0071B353 /* Exceptions for "Messages" folder in "Messages Extension" target */,
			);
			path = Messages;
			sourceTree = "<group>";
		};
/* End PBXFileSystemSynchronizedRootGroup section */

/* Begin PBXFrameworksBuildPhase section */
		1B88D641260BA4320098366A /* Frameworks */ = {
			isa = PBXFrameworksBuildPhase;
			files = (
			);
		};
		1BBD1C7526C1CBA200BB544E /* Frameworks */ = {
			isa = PBXFrameworksBuildPhase;
			files = (
				1BBD1C7926C1CBA200BB544E /* Messages.framework in Frameworks */,
			);
		};
/* End PBXFrameworksBuildPhase section */

/* Begin PBXGroup section */
		1B88D63B260BA4320098366A = {
			isa = PBXGroup;
			children = (
				1B7DF63C2E2409E60071B353 /* Shared */,
				1B7DF5C22E2409DA0071B353 /* Sprite Catalog */,
				1B7DF6452E240A5D0071B353 /* Messages */,
				1BBD1C5226C1865900BB544E /* Frameworks */,
				1B88D645260BA4320098366A /* Products */,
			);
			sourceTree = "<group>";
		};
		1B88D645260BA4320098366A /* Products */ = {
			isa = PBXGroup;
			children = (
				1B88D644260BA4320098366A /* Sprite Catalog.app */,
				1BBD1C7826C1CBA200BB544E /* Messages Extension.appex */,
			);
			name = Products;
			sourceTree = "<group>";
		};
		1BBD1C5226C1865900BB544E /* Frameworks */ = {
			isa = PBXGroup;
			children = (
				1BBD1C5326C1865900BB544E /* Messages.framework */,
			);
			name = Frameworks;
			sourceTree = "<group>";
		};
/* End PBXGroup section */

/* Begin PBXNativeTarget section */
		1B88D643260BA4320098366A /* Sprite Catalog */ = {
			isa = PBXNativeTarget;
			buildConfigurationList = 1B88D653260BA43A0098366A /* Build configuration list for PBXNativeTarget "Sprite Catalog" */;
			buildPhases = (
				1B88D640260BA4320098366A /* Sources */,
				1B88D641260BA4320098366A /* Frameworks */,
				1B88D642260BA4320098366A /* Resources */,
				1BBD1C8926C1CBA300BB544E /* Embed Foundation Extensions */,
			);
			buildRules = (
			);
			dependencies = (
				1BBD1C8426C1CBA300BB544E /* PBXTargetDependency */,
			);
			fileSystemSynchronizedGroups = (
				1B7DF5C22E2409DA0071B353 /* Sprite Catalog */,
				1B7DF63C2E2409E60071B353 /* Shared */,
			);
			name = "Sprite Catalog";
			productName = "Sprite Catalog";
			productReference = 1B88D644260BA4320098366A /* Sprite Catalog.app */;
			productType = "com.apple.product-type.application";
		};
		1BBD1C7726C1CBA200BB544E /* Messages Extension */ = {
			isa = PBXNativeTarget;
			buildConfigurationList = 1BBD1C8626C1CBA300BB544E /* Build configuration list for PBXNativeTarget "Messages Extension" */;
			buildPhases = (
				1BBD1C7426C1CBA200BB544E /* Sources */,
				1BBD1C7526C1CBA200BB544E /* Frameworks */,
				1BBD1C7626C1CBA200BB544E /* Resources */,
			);
			buildRules = (
			);
			fileSystemSynchronizedGroups = (
				1B7DF63C2E2409E60071B353 /* Shared */,
				1B7DF6452E240A5D0071B353 /* Messages */,
			);
			name = "Messages Extension";
			productName = Messages;
			productReference = 1BBD1C7826C1CBA200BB544E /* Messages Extension.appex */;
			productType = "com.apple.product-type.app-extension.messages";
		};
/* End PBXNativeTarget section */

/* Begin PBXProject section */
		1B88D63C260BA4320098366A /* Project object */ = {
			isa = PBXProject;
			attributes = {
				BuildIndependentTargetsInParallel = YES;
				LastSwiftUpdateCheck = 1250;
				LastUpgradeCheck = 2600;
				TargetAttributes = {
					1B88D643260BA4320098366A = {
						CreatedOnToolsVersion = 12.4;
					};
					1BBD1C7726C1CBA200BB544E = {
						CreatedOnToolsVersion = 12.5.1;
					};
				};
			};
			buildConfigurationList = 1B88D63F260BA4320098366A /* Build configuration list for PBXProject "Sprite Catalog" */;
			developmentRegion = en;
			hasScannedForEncodings = 0;
			knownRegions = (
				en,
				Base,
			);
			mainGroup = 1B88D63B260BA4320098366A;
			packageReferences = (
			);
			preferredProjectObjectVersion = 90;
			productRefGroup = 1B88D645260BA4320098366A /* Products */;
			projectDirPath = "";
			projectRoot = "";
			targets = (
				1B88D643260BA4320098366A /* Sprite Catalog */,
				1BBD1C7726C1CBA200BB544E /* Messages Extension */,
			);
		};
/* End PBXProject section */

/* Begin PBXResourcesBuildPhase section */
		1B88D642260BA4320098366A /* Resources */ = {
			isa = PBXResourcesBuildPhase;
			files = (
			);
		};
		1BBD1C7626C1CBA200BB544E /* Resources */ = {
			isa = PBXResourcesBuildPhase;
			files = (
			);
		};
/* End PBXResourcesBuildPhase section */

/* Begin PBXSourcesBuildPhase section */
		1B88D640260BA4320098366A /* Sources */ = {
			isa = PBXSourcesBuildPhase;
			files = (
			);
		};
		1BBD1C7426C1CBA200BB544E /* Sources */ = {
			isa = PBXSourcesBuildPhase;
			files = (
			);
		};
/* End PBXSourcesBuildPhase section */

/* Begin PBXTargetDependency section */
		1BBD1C8426C1CBA300BB544E /* PBXTargetDependency */ = {
			isa = PBXTargetDependency;
			platformFilter = ios;
			target = 1BBD1C7726C1CBA200BB544E /* Messages Extension */;
			targetProxy = 1BBD1C8326C1CBA300BB544E /* PBXContainerItemProxy */;
		};
/* End PBXTargetDependency section */

/* Begin XCBuildConfiguration section */
		1B88D651260BA43A0098366A /* Debug configuration for PBXProject "Sprite Catalog" */ = {
			isa = XCBuildConfiguration;
			buildSettings = {
				ALWAYS_SEARCH_USER_PATHS = NO;
				CLANG_ANALYZER_NONNULL = YES;
				CLANG_ANALYZER_NUMBER_OBJECT_CONVERSION = YES_AGGRESSIVE;
				CLANG_CXX_LANGUAGE_STANDARD = "gnu++14";
				CLANG_CXX_LIBRARY = "libc++";
				CLANG_ENABLE_MODULES = YES;
				CLANG_ENABLE_OBJC_ARC = YES;
				CLANG_ENABLE_OBJC_WEAK = YES;
				CLANG_WARN_BLOCK_CAPTURE_AUTORELEASING = YES;
				CLANG_WARN_BOOL_CONVERSION = YES;
				CLANG_WARN_COMMA = YES;
				CLANG_WARN_CONSTANT_CONVERSION = YES;
				CLANG_WARN_DEPRECATED_OBJC_IMPLEMENTATIONS = YES;
				CLANG_WARN_DIRECT_OBJC_ISA_USAGE = YES_ERROR;
				CLANG_WARN_DOCUMENTATION_COMMENTS = YES;
				CLANG_WARN_EMPTY_BODY = YES;
				CLANG_WARN_ENUM_CONVERSION = YES;
				CLANG_WARN_INFINITE_RECURSION = YES;
				CLANG_WARN_INT_CONVERSION = YES;
				CLANG_WARN_NON_LITERAL_NULL_CONVERSION = YES;
				CLANG_WARN_OBJC_IMPLICIT_RETAIN_SELF = YES;
				CLANG_WARN_OBJC_LITERAL_CONVERSION = YES;
				CLANG_WARN_OBJC_ROOT_CLASS = YES_ERROR;
				CLANG_WARN_QUOTED_INCLUDE_IN_FRAMEWORK_HEADER = YES;
				CLANG_WARN_RANGE_LOOP_ANALYSIS = YES;
				CLANG_WARN_STRICT_PROTOTYPES = YES;
				CLANG_WARN_SUSPICIOUS_MOVE = YES;
				CLANG_WARN_UNGUARDED_AVAILABILITY = YES_AGGRESSIVE;
				CLANG_WARN_UNREACHABLE_CODE = YES;
				CLANG_WARN__DUPLICATE_METHOD_MATCH = YES;
				COPY_PHASE_STRIP = NO;
				DEBUG_INFORMATION_FORMAT = dwarf;
				DEVELOPMENT_TEAM = VA3SY54YU8;
				ENABLE_STRICT_OBJC_MSGSEND = YES;
				ENABLE_TESTABILITY = YES;
				ENABLE_USER_SCRIPT_SANDBOXING = YES;
				GCC_C_LANGUAGE_STANDARD = gnu11;
				GCC_DYNAMIC_NO_PIC = NO;
				GCC_NO_COMMON_BLOCKS = YES;
				GCC_OPTIMIZATION_LEVEL = 0;
				GCC_PREPROCESSOR_DEFINITIONS = (
					"DEBUG=1",
					"$(inherited)",
				);
				GCC_WARN_64_TO_32_BIT_CONVERSION = YES;
				GCC_WARN_ABOUT_RETURN_TYPE = YES_ERROR;
				GCC_WARN_UNDECLARED_SELECTOR = YES;
				GCC_WARN_UNINITIALIZED_AUTOS = YES_AGGRESSIVE;
				GCC_WARN_UNUSED_FUNCTION = YES;
				GCC_WARN_UNUSED_VARIABLE = YES;
				IPHONEOS_DEPLOYMENT_TARGET = 27.0;
				MTL_ENABLE_DEBUG_INFO = INCLUDE_SOURCE;
				MTL_FAST_MATH = YES;
				ONLY_ACTIVE_ARCH = YES;
				SDKROOT = iphoneos;
				STRING_CATALOG_GENERATE_SYMBOLS = YES;
				SWIFT_ACTIVE_COMPILATION_CONDITIONS = DEBUG;
				SWIFT_OPTIMIZATION_LEVEL = "-Onone";
				XROS_DEPLOYMENT_TARGET = 27.0;
			};
			name = Debug;
		};
		1B88D652260BA43A0098366A /* Release configuration for PBXProject "Sprite Catalog" */ = {
			isa = XCBuildConfiguration;
			buildSettings = {
				ALWAYS_SEARCH_USER_PATHS = NO;
				CLANG_ANALYZER_NONNULL = YES;
				CLANG_ANALYZER_NUMBER_OBJECT_CONVERSION = YES_AGGRESSIVE;
				CLANG_CXX_LANGUAGE_STANDARD = "gnu++14";
				CLANG_CXX_LIBRARY = "libc++";
				CLANG_ENABLE_MODULES = YES;
				CLANG_ENABLE_OBJC_ARC = YES;
				CLANG_ENABLE_OBJC_WEAK = YES;
				CLANG_WARN_BLOCK_CAPTURE_AUTORELEASING = YES;
				CLANG_WARN_BOOL_CONVERSION = YES;
				CLANG_WARN_COMMA = YES;
				CLANG_WARN_CONSTANT_CONVERSION = YES;
				CLANG_WARN_DEPRECATED_OBJC_IMPLEMENTATIONS = YES;
				CLANG_WARN_DIRECT_OBJC_ISA_USAGE = YES_ERROR;
				CLANG_WARN_DOCUMENTATION_COMMENTS = YES;
				CLANG_WARN_EMPTY_BODY = YES;
				CLANG_WARN_ENUM_CONVERSION = YES;
				CLANG_WARN_INFINITE_RECURSION = YES;
				CLANG_WARN_INT_CONVERSION = YES;
				CLANG_WARN_NON_LITERAL_NULL_CONVERSION = YES;
				CLANG_WARN_OBJC_IMPLICIT_RETAIN_SELF = YES;
				CLANG_WARN_OBJC_LITERAL_CONVERSION = YES;
				CLANG_WARN_OBJC_ROOT_CLASS = YES_ERROR;
				CLANG_WARN_QUOTED_INCLUDE_IN_FRAMEWORK_HEADER = YES;
				CLANG_WARN_RANGE_LOOP_ANALYSIS = YES;
				CLANG_WARN_STRICT_PROTOTYPES = YES;
				CLANG_WARN_SUSPICIOUS_MOVE = YES;
				CLANG_WARN_UNGUARDED_AVAILABILITY = YES_AGGRESSIVE;
				CLANG_WARN_UNREACHABLE_CODE = YES;
				CLANG_WARN__DUPLICATE_METHOD_MATCH = YES;
				COPY_PHASE_STRIP = NO;
				DEBUG_INFORMATION_FORMAT = "dwarf-with-dsym";
				DEVELOPMENT_TEAM = VA3SY54YU8;
				ENABLE_NS_ASSERTIONS = NO;
				ENABLE_STRICT_OBJC_MSGSEND = YES;
				ENABLE_USER_SCRIPT_SANDBOXING = YES;
				GCC_C_LANGUAGE_STANDARD = gnu11;
				GCC_NO_COMMON_BLOCKS = YES;
				GCC_WARN_64_TO_32_BIT_CONVERSION = YES;
				GCC_WARN_ABOUT_RETURN_TYPE = YES_ERROR;
				GCC_WARN_UNDECLARED_SELECTOR = YES;
				GCC_WARN_UNINITIALIZED_AUTOS = YES_AGGRESSIVE;
				GCC_WARN_UNUSED_FUNCTION = YES;
				GCC_WARN_UNUSED_VARIABLE = YES;
				IPHONEOS_DEPLOYMENT_TARGET = 27.0;
				MTL_ENABLE_DEBUG_INFO = NO;
				MTL_FAST_MATH = YES;
				SDKROOT = iphoneos;
				STRING_CATALOG_GENERATE_SYMBOLS = YES;
				SWIFT_COMPILATION_MODE = wholemodule;
				SWIFT_OPTIMIZATION_LEVEL = "-O";
				VALIDATE_PRODUCT = YES;
				XROS_DEPLOYMENT_TARGET = 27.0;
			};
			name = Release;
		};
		1B88D654260BA43A0098366A /* Debug configuration for PBXNativeTarget "Sprite Catalog" */ = {
			isa = XCBuildConfiguration;
			buildSettings = {
				ASSETCATALOG_COMPILER_APPICON_NAME = App;
				ASSETCATALOG_COMPILER_GLOBAL_ACCENT_COLOR_NAME = AccentColor;
				CODE_SIGN_ENTITLEMENTS = "Sprite Catalog/Sprite Catalog.entitlements";
				CODE_SIGN_STYLE = Automatic;
				CURRENT_PROJECT_VERSION = 22;
				DEVELOPMENT_ASSET_PATHS = "";
				ENABLE_APP_SANDBOX = YES;
				ENABLE_OUTGOING_NETWORK_CONNECTIONS = YES;
				ENABLE_PREVIEWS = YES;
				ENABLE_USER_SELECTED_FILES = readwrite;
				INFOPLIST_FILE = "Sprite Catalog/Info.plist";
				INFOPLIST_KEY_LSApplicationCategoryType = "public.app-category.developer-tools";
				IPHONEOS_DEPLOYMENT_TARGET = 27.0;
				LD_RUNPATH_SEARCH_PATHS = (
					"$(inherited)",
					"@executable_path/Frameworks",
				);
				MARKETING_VERSION = 1.12;
				PRODUCT_BUNDLE_IDENTIFIER = com.jaydenirwin.spritecatalog;
				PRODUCT_NAME = "$(TARGET_NAME)";
				SDKROOT = xros;
				SUPPORTED_PLATFORMS = "iphoneos iphonesimulator xros xrsimulator";
				SUPPORTS_MACCATALYST = YES;
				SUPPORTS_MAC_DESIGNED_FOR_IPHONE_IPAD = NO;
				SUPPORTS_XR_DESIGNED_FOR_IPHONE_IPAD = NO;
				SWIFT_VERSION = 5.0;
				TARGETED_DEVICE_FAMILY = "1,2,6,7";
				XROS_DEPLOYMENT_TARGET = 27.0;
			};
			name = Debug;
		};
		1B88D655260BA43A0098366A /* Release configuration for PBXNativeTarget "Sprite Catalog" */ = {
			isa = XCBuildConfiguration;
			buildSettings = {
				ASSETCATALOG_COMPILER_APPICON_NAME = App;
				ASSETCATALOG_COMPILER_GLOBAL_ACCENT_COLOR_NAME = AccentColor;
				CODE_SIGN_ENTITLEMENTS = "Sprite Catalog/Sprite Catalog.entitlements";
				CODE_SIGN_STYLE = Automatic;
				CURRENT_PROJECT_VERSION = 22;
				DEVELOPMENT_ASSET_PATHS = "";
				ENABLE_APP_SANDBOX = YES;
				ENABLE_OUTGOING_NETWORK_CONNECTIONS = YES;
				ENABLE_PREVIEWS = YES;
				ENABLE_USER_SELECTED_FILES = readwrite;
				INFOPLIST_FILE = "Sprite Catalog/Info.plist";
				INFOPLIST_KEY_LSApplicationCategoryType = "public.app-category.developer-tools";
				IPHONEOS_DEPLOYMENT_TARGET = 27.0;
				LD_RUNPATH_SEARCH_PATHS = (
					"$(inherited)",
					"@executable_path/Frameworks",
				);
				MARKETING_VERSION = 1.12;
				ONLY_ACTIVE_ARCH = NO;
				PRODUCT_BUNDLE_IDENTIFIER = com.jaydenirwin.spritecatalog;
				PRODUCT_NAME = "$(TARGET_NAME)";
				SDKROOT = xros;
				SUPPORTED_PLATFORMS = "iphoneos iphonesimulator xros xrsimulator";
				SUPPORTS_MACCATALYST = YES;
				SUPPORTS_MAC_DESIGNED_FOR_IPHONE_IPAD = NO;
				SUPPORTS_XR_DESIGNED_FOR_IPHONE_IPAD = NO;
				SWIFT_VERSION = 5.0;
				TARGETED_DEVICE_FAMILY = "1,2,6,7";
				XROS_DEPLOYMENT_TARGET = 27.0;
			};
			name = Release;
		};
		1BBD1C8726C1CBA300BB544E /* Debug configuration for PBXNativeTarget "Messages Extension" */ = {
			isa = XCBuildConfiguration;
			buildSettings = {
				ASSETCATALOG_COMPILER_APPICON_NAME = "iMessage App Icon";
				CODE_SIGN_ENTITLEMENTS = Messages/Messages.entitlements;
				CODE_SIGN_STYLE = Automatic;
				CURRENT_PROJECT_VERSION = 22;
				INFOPLIST_FILE = Messages/Info.plist;
				IPHONEOS_DEPLOYMENT_TARGET = 27.0;
				LD_RUNPATH_SEARCH_PATHS = (
					"$(inherited)",
					"@executable_path/Frameworks",
					"@executable_path/../../Frameworks",
				);
				MARKETING_VERSION = 1.12;
				PRODUCT_BUNDLE_IDENTIFIER = com.jaydenirwin.spritecatalog.messages;
				PRODUCT_NAME = "$(TARGET_NAME)";
				SKIP_INSTALL = YES;
				SUPPORTS_MACCATALYST = NO;
				SWIFT_VERSION = 5.0;
				TARGETED_DEVICE_FAMILY = "1,2";
			};
			name = Debug;
		};
		1BBD1C8826C1CBA300BB544E /* Release configuration for PBXNativeTarget "Messages Extension" */ = {
			isa = XCBuildConfiguration;
			buildSettings = {
				ASSETCATALOG_COMPILER_APPICON_NAME = "iMessage App Icon";
				CODE_SIGN_ENTITLEMENTS = Messages/Messages.entitlements;
				CODE_SIGN_STYLE = Automatic;
				CURRENT_PROJECT_VERSION = 22;
				INFOPLIST_FILE = Messages/Info.plist;
				IPHONEOS_DEPLOYMENT_TARGET = 27.0;
				LD_RUNPATH_SEARCH_PATHS = (
					"$(inherited)",
					"@executable_path/Frameworks",
					"@executable_path/../../Frameworks",
				);
				MARKETING_VERSION = 1.12;
				PRODUCT_BUNDLE_IDENTIFIER = com.jaydenirwin.spritecatalog.messages;
				PRODUCT_NAME = "$(TARGET_NAME)";
				SKIP_INSTALL = YES;
				SUPPORTS_MACCATALYST = NO;
				SWIFT_VERSION = 5.0;
				TARGETED_DEVICE_FAMILY = "1,2";
			};
			name = Release;
		};
/* End XCBuildConfiguration section */

/* Begin XCConfigurationList section */
		1B88D63F260BA4320098366A /* Build configuration list for PBXProject "Sprite Catalog" */ = {
			isa = XCConfigurationList;
			buildConfigurations = (
				1B88D651260BA43A0098366A /* Debug configuration for PBXProject "Sprite Catalog" */,
				1B88D652260BA43A0098366A /* Release configuration for PBXProject "Sprite Catalog" */,
			);
			defaultConfigurationName = Release;
		};
		1B88D653260BA43A0098366A /* Build configuration list for PBXNativeTarget "Sprite Catalog" */ = {
			isa = XCConfigurationList;
			buildConfigurations = (
				1B88D654260BA43A0098366A /* Debug configuration for PBXNativeTarget "Sprite Catalog" */,
				1B88D655260BA43A0098366A /* Release configuration for PBXNativeTarget "Sprite Catalog" */,
			);
			defaultConfigurationName = Release;
		};
		1BBD1C8626C1CBA300BB544E /* Build configuration list for PBXNativeTarget "Messages Extension" */ = {
			isa = XCConfigurationList;
			buildConfigurations = (
				1BBD1C8726C1CBA300BB544E /* Debug configuration for PBXNativeTarget "Messages Extension" */,
				1BBD1C8826C1CBA300BB544E /* Release configuration for PBXNativeTarget "Messages Extension" */,
			);
			defaultConfigurationName = Release;
		};
/* End XCConfigurationList section */
	};
	rootObject = 1B88D63C260BA4320098366A /* Project object */;
}
